
Microsoft Visual Studio Solution File, Format Version 12.00
# Visual Studio 15
VisualStudioVersion = 15.0.27130.2020
MinimumVisualStudioVersion = 10.0.40219.1
Project("{FAE04EC0-301F-11D3-BF4B-00C04F79EFBC}") = "VegMart.Api", "VegMart.Api\VegMart.Api.csproj", "{8F6D21AE-9BBB-43A6-B518-EC883622BB3C}"
EndProject
Global
	GlobalSection(SolutionConfigurationPlatforms) = preSolution
		Debug|Any CPU = Debug|Any CPU
		Release|Any CPU = Release|Any CPU
	EndGlobalSection
	GlobalSection(ProjectConfigurationPlatforms) = postSolution
		{8F6D21AE-9BBB-43A6-B518-EC883622BB3C}.Debug|Any CPU.ActiveCfg = Debug|Any CPU
		{8F6D21AE-9BBB-43A6-B518-EC883622BB3C}.Debug|Any CPU.Build.0 = Debug|Any CPU
		{8F6D21AE-9BBB-43A6-B518-EC883622BB3C}.Release|Any CPU.ActiveCfg = Release|Any CPU
		{8F6D21AE-9BBB-43A6-B518-EC883622BB3C}.Release|Any CPU.Build.0 = Release|Any CPU
	EndGlobalSection
	GlobalSection(SolutionProperties) = preSolution
		HideSolutionNode = FALSE
	EndGlobalSection
	GlobalSection(ExtensibilityGlobals) = postSolution
		SolutionGuid = {EAE1D2DF-309A-4035-A3C5-C9012BE2A90E}
	EndGlobalSection
EndGlobal
